
Microsoft Visual Studio Solution File, Format Version 12.00
# Visual Studio 15
VisualStudioVersion = 15.0.27703.2042
MinimumVisualStudioVersion = 10.0.40219.1
Project("{FAE04EC0-301F-11D3-BF4B-00C04F79EFBC}") = "SeoTool", "SeoTool\SeoTool.csproj", "{3946B60F-D5F2-4942-A9EF-14E07B12B81E}"
EndProject
Project("{FAE04EC0-301F-11D3-BF4B-00C04F79EFBC}") = "PublicFramework", "PublicFramework\PublicFramework.csproj", "{5E4CCCD1-764F-47BC-BC20-1C3A2D50E7C0}"
EndProject
Global
	GlobalSection(SolutionConfigurationPlatforms) = preSolution
		Debug|Any CPU = Debug|Any CPU
		Release|Any CPU = Release|Any CPU
	EndGlobalSection
	GlobalSection(ProjectConfigurationPlatforms) = postSolution
		{3946B60F-D5F2-4942-A9EF-14E07B12B81E}.Debug|Any CPU.ActiveCfg = Debug|Any CPU
		{3946B60F-D5F2-4942-A9EF-14E07B12B81E}.Debug|Any CPU.Build.0 = Debug|Any CPU
		{3946B60F-D5F2-4942-A9EF-14E07B12B81E}.Release|Any CPU.ActiveCfg = Release|Any CPU
		{3946B60F-D5F2-4942-A9EF-14E07B12B81E}.Release|Any CPU.Build.0 = Release|Any CPU
		{5E4CCCD1-764F-47BC-BC20-1C3A2D50E7C0}.Debug|Any CPU.ActiveCfg = Debug|Any CPU
		{5E4CCCD1-764F-47BC-BC20-1C3A2D50E7C0}.Debug|Any CPU.Build.0 = Debug|Any CPU
		{5E4CCCD1-764F-47BC-BC20-1C3A2D50E7C0}.Release|Any CPU.ActiveCfg = Release|Any CPU
		{5E4CCCD1-764F-47BC-BC20-1C3A2D50E7C0}.Release|Any CPU.Build.0 = Release|Any CPU
	EndGlobalSection
	GlobalSection(SolutionProperties) = preSolution
		HideSolutionNode = FALSE
	EndGlobalSection
	GlobalSection(ExtensibilityGlobals) = postSolution
		SolutionGuid = {E80183B8-B4C4-48CA-A7B6-DF829AE6E01D}
	EndGlobalSection
EndGlobal
